Microsoft Visual Studio Solution File, Format Version 9.00
# Visual Studio 2005
Project("{8BC9CEB8-8B4A-11D0-8D11-00A0C91BC942}") = "001", "001\001.vcproj", "{8940AAB9-3C3A-4B8A-8F78-D45E0DA030F0}"
EndProject
Project("{8BC9CEB8-8B4A-11D0-8D11-00A0C91BC942}") = "002", "002\002.vcproj", "{A872FF2E-FAE4-46EE-9604-CABF2F7775EE}"
EndProject
Project("{8BC9CEB8-8B4A-11D0-8D11-00A0C91BC942}") = "003", "003\003.vcproj", "{0F6B6FF0-D809-46F9-A732-35ACBA64651D}"
EndProject
Project("{8BC9CEB8-8B4A-11D0-8D11-00A0C91BC942}") = "004", "004\004 vs8.vcproj", "{33FC41FB-E225-4DCF-A6AB-AAE01E4E5045}"
EndProject
Project("{8BC9CEB8-8B4A-11D0-8D11-00A0C91BC942}") = "005", "005\005 vs8.vcproj", "{B19DA405-4796-48DC-A0CD-954FC53B9213}"
EndProject
Project("{8BC9CEB8-8B4A-11D0-8D11-00A0C91BC942}") = "007", "007\007.vcproj", "{6679C6FA-0B84-4781-8D57-36E5CC14A7F4}"
EndProject
Project("{8BC9CEB8-8B4A-11D0-8D11-00A0C91BC942}") = "008", "008\008.vcproj", "{A765D027-72CB-4E3B-A2CA-75F3D1BA4A5D}"
EndProject
Project("{8BC9CEB8-8B4A-11D0-8D11-00A0C91BC942}") = "009", "009\009.vcproj", "{14475976-32DB-4CEC-8BFB-3CF037DB05E7}"
EndProject
Project("{8BC9CEB8-8B4A-11D0-8D11-00A0C91BC942}") = "010", "010\010.vcproj", "{5EDF0983-AD51-401E-A889-5D89AD09AC5C}"
EndProject
Project("{8BC9CEB8-8B4A-11D0-8D11-00A0C91BC942}") = "011", "011\011.vcproj", "{1ACD9CD8-7707-4058-AA51-64DCA3F0DB2F}"
EndProject
Project("{8BC9CEB8-8B4A-11D0-8D11-00A0C91BC942}") = "012", "012\012.vcproj", "{61241596-E65A-42C8-B9AE-89352BEB7E11}"
EndProject
Global
	GlobalSection(SolutionConfigurationPlatforms) = preSolution
		Debug|Win32 = Debug|Win32
		Debug|x64 = Debug|x64
		Release|Win32 = Release|Win32
		Release|x64 = Release|x64
	EndGlobalSection
	GlobalSection(ProjectConfigurationPlatforms) = postSolution
		{8940AAB9-3C3A-4B8A-8F78-D45E0DA030F0}.Debug|Win32.ActiveCfg = Debug|Win32
		{8940AAB9-3C3A-4B8A-8F78-D45E0DA030F0}.Debug|Win32.Build.0 = Debug|Win32
		{8940AAB9-3C3A-4B8A-8F78-D45E0DA030F0}.Debug|x64.ActiveCfg = Debug|Win32
		{8940AAB9-3C3A-4B8A-8F78-D45E0DA030F0}.Release|Win32.ActiveCfg = Release|Win32
		{8940AAB9-3C3A-4B8A-8F78-D45E0DA030F0}.Release|Win32.Build.0 = Release|Win32
		{8940AAB9-3C3A-4B8A-8F78-D45E0DA030F0}.Release|x64.ActiveCfg = Release|Win32
		{A872FF2E-FAE4-46EE-9604-CABF2F7775EE}.Debug|Win32.ActiveCfg = Debug|Win32
		{A872FF2E-FAE4-46EE-9604-CABF2F7775EE}.Debug|Win32.Build.0 = Debug|Win32
		{A872FF2E-FAE4-46EE-9604-CABF2F7775EE}.Debug|x64.ActiveCfg = Debug|x64
		{A872FF2E-FAE4-46EE-9604-CABF2F7775EE}.Debug|x64.Build.0 = Debug|x64
		{A872FF2E-FAE4-46EE-9604-CABF2F7775EE}.Release|Win32.ActiveCfg = Release|Win32
		{A872FF2E-FAE4-46EE-9604-CABF2F7775EE}.Release|Win32.Build.0 = Release|Win32
		{A872FF2E-FAE4-46EE-9604-CABF2F7775EE}.Release|x64.ActiveCfg = Release|x64
		{A872FF2E-FAE4-46EE-9604-CABF2F7775EE}.Release|x64.Build.0 = Release|x64
		{0F6B6FF0-D809-46F9-A732-35ACBA64651D}.Debug|Win32.ActiveCfg = Debug|Win32
		{0F6B6FF0-D809-46F9-A732-35ACBA64651D}.Debug|Win32.Build.0 = Debug|Win32
		{0F6B6FF0-D809-46F9-A732-35ACBA64651D}.Debug|x64.ActiveCfg = Debug|Win32
		{0F6B6FF0-D809-46F9-A732-35ACBA64651D}.Release|Win32.ActiveCfg = Release|Win32
		{0F6B6FF0-D809-46F9-A732-35ACBA64651D}.Release|Win32.Build.0 = Release|Win32
		{0F6B6FF0-D809-46F9-A732-35ACBA64651D}.Release|x64.ActiveCfg = Release|Win32
		{33FC41FB-E225-4DCF-A6AB-AAE01E4E5045}.Debug|Win32.ActiveCfg = Debug|Win32
		{33FC41FB-E225-4DCF-A6AB-AAE01E4E5045}.Debug|Win32.Build.0 = Debug|Win32
		{33FC41FB-E225-4DCF-A6AB-AAE01E4E5045}.Debug|x64.ActiveCfg = Debug|Win32
		{33FC41FB-E225-4DCF-A6AB-AAE01E4E5045}.Release|Win32.ActiveCfg = Release|Win32
		{33FC41FB-E225-4DCF-A6AB-AAE01E4E5045}.Release|Win32.Build.0 = Release|Win32
		{33FC41FB-E225-4DCF-A6AB-AAE01E4E5045}.Release|x64.ActiveCfg = Release|Win32
		{B19DA405-4796-48DC-A0CD-954FC53B9213}.Debug|Win32.ActiveCfg = Debug|Win32
		{B19DA405-4796-48DC-A0CD-954FC53B9213}.Debug|Win32.Build.0 = Debug|Win32
		{B19DA405-4796-48DC-A0CD-954FC53B9213}.Debug|x64.ActiveCfg = Debug|Win32
		{B19DA405-4796-48DC-A0CD-954FC53B9213}.Release|Win32.ActiveCfg = Release|Win32
		{B19DA405-4796-48DC-A0CD-954FC53B9213}.Release|Win32.Build.0 = Release|Win32
		{B19DA405-4796-48DC-A0CD-954FC53B9213}.Release|x64.ActiveCfg = Release|Win32
		{6679C6FA-0B84-4781-8D57-36E5CC14A7F4}.Debug|Win32.ActiveCfg = Debug|Win32
		{6679C6FA-0B84-4781-8D57-36E5CC14A7F4}.Debug|Win32.Build.0 = Debug|Win32
		{6679C6FA-0B84-4781-8D57-36E5CC14A7F4}.Debug|x64.ActiveCfg = Debug|Win32
		{6679C6FA-0B84-4781-8D57-36E5CC14A7F4}.Release|Win32.ActiveCfg = Release|Win32
		{6679C6FA-0B84-4781-8D57-36E5CC14A7F4}.Release|Win32.Build.0 = Release|Win32
		{6679C6FA-0B84-4781-8D57-36E5CC14A7F4}.Release|x64.ActiveCfg = Release|Win32
		{A765D027-72CB-4E3B-A2CA-75F3D1BA4A5D}.Debug|Win32.ActiveCfg = Debug|Win32
		{A765D027-72CB-4E3B-A2CA-75F3D1BA4A5D}.Debug|Win32.Build.0 = Debug|Win32
		{A765D027-72CB-4E3B-A2CA-75F3D1BA4A5D}.Debug|x64.ActiveCfg = Debug|Win32
		{A765D027-72CB-4E3B-A2CA-75F3D1BA4A5D}.Release|Win32.ActiveCfg = Release|Win32
		{A765D027-72CB-4E3B-A2CA-75F3D1BA4A5D}.Release|Win32.Build.0 = Release|Win32
		{A765D027-72CB-4E3B-A2CA-75F3D1BA4A5D}.Release|x64.ActiveCfg = Release|Win32
		{14475976-32DB-4CEC-8BFB-3CF037DB05E7}.Debug|Win32.ActiveCfg = Debug|Win32
		{14475976-32DB-4CEC-8BFB-3CF037DB05E7}.Debug|Win32.Build.0 = Debug|Win32
		{14475976-32DB-4CEC-8BFB-3CF037DB05E7}.Debug|x64.ActiveCfg = Debug|Win32
		{14475976-32DB-4CEC-8BFB-3CF037DB05E7}.Release|Win32.ActiveCfg = Release|Win32
		{14475976-32DB-4CEC-8BFB-3CF037DB05E7}.Release|Win32.Build.0 = Release|Win32
		{14475976-32DB-4CEC-8BFB-3CF037DB05E7}.Release|x64.ActiveCfg = Release|Win32
		{5EDF0983-AD51-401E-A889-5D89AD09AC5C}.Debug|Win32.ActiveCfg = Debug|Win32
		{5EDF0983-AD51-401E-A889-5D89AD09AC5C}.Debug|Win32.Build.0 = Debug|Win32
		{5EDF0983-AD51-401E-A889-5D89AD09AC5C}.Debug|x64.ActiveCfg = Debug|x64
		{5EDF0983-AD51-401E-A889-5D89AD09AC5C}.Debug|x64.Build.0 = Debug|x64
		{5EDF0983-AD51-401E-A889-5D89AD09AC5C}.Release|Win32.ActiveCfg = Release|Win32
		{5EDF0983-AD51-401E-A889-5D89AD09AC5C}.Release|Win32.Build.0 = Release|Win32
		{5EDF0983-AD51-401E-A889-5D89AD09AC5C}.Release|x64.ActiveCfg = Release|x64
		{5EDF0983-AD51-401E-A889-5D89AD09AC5C}.Release|x64.Build.0 = Release|x64
		{1ACD9CD8-7707-4058-AA51-64DCA3F0DB2F}.Debug|Win32.ActiveCfg = Debug|Win32
		{1ACD9CD8-7707-4058-AA51-64DCA3F0DB2F}.Debug|Win32.Build.0 = Debug|Win32
		{1ACD9CD8-7707-4058-AA51-64DCA3F0DB2F}.Debug|x64.ActiveCfg = Debug|x64
		{1ACD9CD8-7707-4058-AA51-64DCA3F0DB2F}.Debug|x64.Build.0 = Debug|x64
		{1ACD9CD8-7707-4058-AA51-64DCA3F0DB2F}.Release|Win32.ActiveCfg = Release|Win32
		{1ACD9CD8-7707-4058-AA51-64DCA3F0DB2F}.Release|Win32.Build.0 = Release|Win32
		{1ACD9CD8-7707-4058-AA51-64DCA3F0DB2F}.Release|x64.ActiveCfg = Release|x64
		{1ACD9CD8-7707-4058-AA51-64DCA3F0DB2F}.Release|x64.Build.0 = Release|x64
		{61241596-E65A-42C8-B9AE-89352BEB7E11}.Debug|Win32.ActiveCfg = Debug|Win32
		{61241596-E65A-42C8-B9AE-89352BEB7E11}.Debug|Win32.Build.0 = Debug|Win32
		{61241596-E65A-42C8-B9AE-89352BEB7E11}.Debug|x64.ActiveCfg = Debug|x64
		{61241596-E65A-42C8-B9AE-89352BEB7E11}.Debug|x64.Build.0 = Debug|x64
		{61241596-E65A-42C8-B9AE-89352BEB7E11}.Release|Win32.ActiveCfg = Release|Win32
		{61241596-E65A-42C8-B9AE-89352BEB7E11}.Release|Win32.Build.0 = Release|Win32
		{61241596-E65A-42C8-B9AE-89352BEB7E11}.Release|x64.ActiveCfg = Release|x64
		{61241596-E65A-42C8-B9AE-89352BEB7E11}.Release|x64.Build.0 = Release|x64
	EndGlobalSection
	GlobalSection(SolutionProperties) = preSolution
		HideSolutionNode = FALSE
	EndGlobalSection
EndGlobal
