Microsoft Visual Studio Solution File, Format Version 9.00
# Visual Studio 2005
Project("{8BC9CEB8-8B4A-11D0-8D11-00A0C91BC942}") = "SDL_Config", "SDL_Config vs8.vcproj", "{A9D2E352-F27F-48EC-AF29-6B8D6C2B37F6}"
EndProject
Project("{8BC9CEB8-8B4A-11D0-8D11-00A0C91BC942}") = "001", "..\..\tests\001\001.vcproj", "{8940AAB9-3C3A-4B8A-8F78-D45E0DA030F0}"
EndProject
Project("{8BC9CEB8-8B4A-11D0-8D11-00A0C91BC942}") = "002", "..\..\tests\002\002.vcproj", "{A872FF2E-FAE4-46EE-9604-CABF2F7775EE}"
	ProjectSection(ProjectDependencies) = postProject
		{A9D2E352-F27F-48EC-AF29-6B8D6C2B37F6} = {A9D2E352-F27F-48EC-AF29-6B8D6C2B37F6}
	EndProjectSection
EndProject
Project("{8BC9CEB8-8B4A-11D0-8D11-00A0C91BC942}") = "003", "..\..\tests\003\003.vcproj", "{0F6B6FF0-D809-46F9-A732-35ACBA64651D}"
EndProject
Project("{8BC9CEB8-8B4A-11D0-8D11-00A0C91BC942}") = "004", "..\..\tests\004\004 vs8.vcproj", "{33FC41FB-E225-4DCF-A6AB-AAE01E4E5045}"
EndProject
Project("{8BC9CEB8-8B4A-11D0-8D11-00A0C91BC942}") = "005", "..\..\tests\005\005 vs8.vcproj", "{B19DA405-4796-48DC-A0CD-954FC53B9213}"
EndProject
Project("{8BC9CEB8-8B4A-11D0-8D11-00A0C91BC942}") = "007", "..\..\tests\007\007.vcproj", "{6679C6FA-0B84-4781-8D57-36E5CC14A7F4}"
EndProject
Project("{8BC9CEB8-8B4A-11D0-8D11-00A0C91BC942}") = "008", "..\..\tests\008\008.vcproj", "{A765D027-72CB-4E3B-A2CA-75F3D1BA4A5D}"
EndProject
Project("{8BC9CEB8-8B4A-11D0-8D11-00A0C91BC942}") = "009", "..\..\tests\009\009.vcproj", "{14475976-32DB-4CEC-8BFB-3CF037DB05E7}"
EndProject
Project("{8BC9CEB8-8B4A-11D0-8D11-00A0C91BC942}") = "010", "..\..\tests\010\010.vcproj", "{5EDF0983-AD51-401E-A889-5D89AD09AC5C}"
EndProject
Project("{8BC9CEB8-8B4A-11D0-8D11-00A0C91BC942}") = "011", "..\..\tests\011\011.vcproj", "{1ACD9CD8-7707-4058-AA51-64DCA3F0DB2F}"
EndProject
Project("{8BC9CEB8-8B4A-11D0-8D11-00A0C91BC942}") = "012", "..\..\tests\012\012.vcproj", "{61241596-E65A-42C8-B9AE-89352BEB7E11}"
	ProjectSection(ProjectDependencies) = postProject
		{A9D2E352-F27F-48EC-AF29-6B8D6C2B37F6} = {A9D2E352-F27F-48EC-AF29-6B8D6C2B37F6}
	EndProjectSection
EndProject
Project("{2150E333-8FDC-42A3-9474-1A3956D46DE8}") = "Tests", "Tests", "{E829948F-2A0F-43AF-8138-2DD98CD2D46C}"
	ProjectSection(SolutionItems) = preProject
		..\..\tests\tests.txt = ..\..\tests\tests.txt
	EndProjectSection
EndProject
Project("{2150E333-8FDC-42A3-9474-1A3956D46DE8}") = "Documentation", "Documentation", "{5CDB1BE4-7548-45B9-8D48-CC2397A99442}"
	ProjectSection(SolutionItems) = preProject
		..\example.txt = ..\example.txt
		..\getting_started.txt = ..\getting_started.txt
		..\..\doc\index.html = ..\..\doc\index.html
		..\syntax.txt = ..\syntax.txt
		..\technical.txt = ..\technical.txt
		..\..\todo.txt = ..\..\todo.txt
	EndProjectSection
EndProject
Project("{8BC9CEB8-8B4A-11D0-8D11-00A0C91BC942}") = "006", "..\..\tests\006\006 vs8.vcproj", "{3EDA23B4-3801-45C4-BE2D-C8F07D4AF3A8}"
EndProject
Project("{8BC9CEB8-8B4A-11D0-8D11-00A0C91BC942}") = "013", "..\..\tests\013\013.vcproj", "{FEC3266E-14D6-4A5C-A796-10EB64E7AC11}"
	ProjectSection(ProjectDependencies) = postProject
		{A9D2E352-F27F-48EC-AF29-6B8D6C2B37F6} = {A9D2E352-F27F-48EC-AF29-6B8D6C2B37F6}
	EndProjectSection
EndProject
Global
	GlobalSection(SolutionConfigurationPlatforms) = preSolution
		Debug|Win32 = Debug|Win32
		Debug|x64 = Debug|x64
		DLL Debug|Win32 = DLL Debug|Win32
		DLL Debug|x64 = DLL Debug|x64
		DLL Release|Win32 = DLL Release|Win32
		DLL Release|x64 = DLL Release|x64
		Release|Win32 = Release|Win32
		Release|x64 = Release|x64
		Static Debug|Win32 = Static Debug|Win32
		Static Debug|x64 = Static Debug|x64
		Static Release|Win32 = Static Release|Win32
		Static Release|x64 = Static Release|x64
	EndGlobalSection
	GlobalSection(ProjectConfigurationPlatforms) = postSolution
		{A9D2E352-F27F-48EC-AF29-6B8D6C2B37F6}.Debug|Win32.ActiveCfg = Static Debug|Win32
		{A9D2E352-F27F-48EC-AF29-6B8D6C2B37F6}.Debug|Win32.Build.0 = Static Debug|Win32
		{A9D2E352-F27F-48EC-AF29-6B8D6C2B37F6}.Debug|x64.ActiveCfg = Static Debug|x64
		{A9D2E352-F27F-48EC-AF29-6B8D6C2B37F6}.Debug|x64.Build.0 = Static Debug|x64
		{A9D2E352-F27F-48EC-AF29-6B8D6C2B37F6}.DLL Debug|Win32.ActiveCfg = DLL Debug|Win32
		{A9D2E352-F27F-48EC-AF29-6B8D6C2B37F6}.DLL Debug|Win32.Build.0 = DLL Debug|Win32
		{A9D2E352-F27F-48EC-AF29-6B8D6C2B37F6}.DLL Debug|x64.ActiveCfg = DLL Debug|x64
		{A9D2E352-F27F-48EC-AF29-6B8D6C2B37F6}.DLL Debug|x64.Build.0 = DLL Debug|x64
		{A9D2E352-F27F-48EC-AF29-6B8D6C2B37F6}.DLL Release|Win32.ActiveCfg = DLL Release|Win32
		{A9D2E352-F27F-48EC-AF29-6B8D6C2B37F6}.DLL Release|Win32.Build.0 = DLL Release|Win32
		{A9D2E352-F27F-48EC-AF29-6B8D6C2B37F6}.DLL Release|x64.ActiveCfg = DLL Release|x64
		{A9D2E352-F27F-48EC-AF29-6B8D6C2B37F6}.DLL Release|x64.Build.0 = DLL Release|x64
		{A9D2E352-F27F-48EC-AF29-6B8D6C2B37F6}.Release|Win32.ActiveCfg = Static Release|Win32
		{A9D2E352-F27F-48EC-AF29-6B8D6C2B37F6}.Release|Win32.Build.0 = Static Release|Win32
		{A9D2E352-F27F-48EC-AF29-6B8D6C2B37F6}.Release|x64.ActiveCfg = Static Release|x64
		{A9D2E352-F27F-48EC-AF29-6B8D6C2B37F6}.Release|x64.Build.0 = Static Release|x64
		{A9D2E352-F27F-48EC-AF29-6B8D6C2B37F6}.Static Debug|Win32.ActiveCfg = Static Debug|Win32
		{A9D2E352-F27F-48EC-AF29-6B8D6C2B37F6}.Static Debug|Win32.Build.0 = Static Debug|Win32
		{A9D2E352-F27F-48EC-AF29-6B8D6C2B37F6}.Static Debug|x64.ActiveCfg = Static Debug|x64
		{A9D2E352-F27F-48EC-AF29-6B8D6C2B37F6}.Static Debug|x64.Build.0 = Static Debug|x64
		{A9D2E352-F27F-48EC-AF29-6B8D6C2B37F6}.Static Release|Win32.ActiveCfg = DLL Debug|Win32
		{A9D2E352-F27F-48EC-AF29-6B8D6C2B37F6}.Static Release|Win32.Build.0 = DLL Debug|Win32
		{A9D2E352-F27F-48EC-AF29-6B8D6C2B37F6}.Static Release|x64.ActiveCfg = Static Release|x64
		{A9D2E352-F27F-48EC-AF29-6B8D6C2B37F6}.Static Release|x64.Build.0 = Static Release|x64
		{8940AAB9-3C3A-4B8A-8F78-D45E0DA030F0}.Debug|Win32.ActiveCfg = Debug|Win32
		{8940AAB9-3C3A-4B8A-8F78-D45E0DA030F0}.Debug|Win32.Build.0 = Debug|Win32
		{8940AAB9-3C3A-4B8A-8F78-D45E0DA030F0}.Debug|x64.ActiveCfg = Debug|Win32
		{8940AAB9-3C3A-4B8A-8F78-D45E0DA030F0}.DLL Debug|Win32.ActiveCfg = Debug|Win32
		{8940AAB9-3C3A-4B8A-8F78-D45E0DA030F0}.DLL Debug|Win32.Build.0 = Debug|Win32
		{8940AAB9-3C3A-4B8A-8F78-D45E0DA030F0}.DLL Debug|x64.ActiveCfg = Debug|Win32
		{8940AAB9-3C3A-4B8A-8F78-D45E0DA030F0}.DLL Release|Win32.ActiveCfg = Release|Win32
		{8940AAB9-3C3A-4B8A-8F78-D45E0DA030F0}.DLL Release|Win32.Build.0 = Release|Win32
		{8940AAB9-3C3A-4B8A-8F78-D45E0DA030F0}.DLL Release|x64.ActiveCfg = Release|Win32
		{8940AAB9-3C3A-4B8A-8F78-D45E0DA030F0}.Release|Win32.ActiveCfg = Release|Win32
		{8940AAB9-3C3A-4B8A-8F78-D45E0DA030F0}.Release|Win32.Build.0 = Release|Win32
		{8940AAB9-3C3A-4B8A-8F78-D45E0DA030F0}.Release|x64.ActiveCfg = Release|Win32
		{8940AAB9-3C3A-4B8A-8F78-D45E0DA030F0}.Static Debug|Win32.ActiveCfg = Debug|Win32
		{8940AAB9-3C3A-4B8A-8F78-D45E0DA030F0}.Static Debug|Win32.Build.0 = Debug|Win32
		{8940AAB9-3C3A-4B8A-8F78-D45E0DA030F0}.Static Debug|x64.ActiveCfg = Debug|Win32
		{8940AAB9-3C3A-4B8A-8F78-D45E0DA030F0}.Static Release|Win32.ActiveCfg = Release|Win32
		{8940AAB9-3C3A-4B8A-8F78-D45E0DA030F0}.Static Release|Win32.Build.0 = Release|Win32
		{8940AAB9-3C3A-4B8A-8F78-D45E0DA030F0}.Static Release|x64.ActiveCfg = Release|Win32
		{A872FF2E-FAE4-46EE-9604-CABF2F7775EE}.Debug|Win32.ActiveCfg = Debug|Win32
		{A872FF2E-FAE4-46EE-9604-CABF2F7775EE}.Debug|Win32.Build.0 = Debug|Win32
		{A872FF2E-FAE4-46EE-9604-CABF2F7775EE}.Debug|x64.ActiveCfg = Debug|x64
		{A872FF2E-FAE4-46EE-9604-CABF2F7775EE}.Debug|x64.Build.0 = Debug|x64
		{A872FF2E-FAE4-46EE-9604-CABF2F7775EE}.DLL Debug|Win32.ActiveCfg = Debug|Win32
		{A872FF2E-FAE4-46EE-9604-CABF2F7775EE}.DLL Debug|Win32.Build.0 = Debug|Win32
		{A872FF2E-FAE4-46EE-9604-CABF2F7775EE}.DLL Debug|x64.ActiveCfg = Debug|x64
		{A872FF2E-FAE4-46EE-9604-CABF2F7775EE}.DLL Debug|x64.Build.0 = Debug|x64
		{A872FF2E-FAE4-46EE-9604-CABF2F7775EE}.DLL Release|Win32.ActiveCfg = Release|Win32
		{A872FF2E-FAE4-46EE-9604-CABF2F7775EE}.DLL Release|Win32.Build.0 = Release|Win32
		{A872FF2E-FAE4-46EE-9604-CABF2F7775EE}.DLL Release|x64.ActiveCfg = Release|x64
		{A872FF2E-FAE4-46EE-9604-CABF2F7775EE}.DLL Release|x64.Build.0 = Release|x64
		{A872FF2E-FAE4-46EE-9604-CABF2F7775EE}.Release|Win32.ActiveCfg = Release|Win32
		{A872FF2E-FAE4-46EE-9604-CABF2F7775EE}.Release|Win32.Build.0 = Release|Win32
		{A872FF2E-FAE4-46EE-9604-CABF2F7775EE}.Release|x64.ActiveCfg = Release|x64
		{A872FF2E-FAE4-46EE-9604-CABF2F7775EE}.Release|x64.Build.0 = Release|x64
		{A872FF2E-FAE4-46EE-9604-CABF2F7775EE}.Static Debug|Win32.ActiveCfg = Debug|Win32
		{A872FF2E-FAE4-46EE-9604-CABF2F7775EE}.Static Debug|Win32.Build.0 = Debug|Win32
		{A872FF2E-FAE4-46EE-9604-CABF2F7775EE}.Static Debug|x64.ActiveCfg = Debug|x64
		{A872FF2E-FAE4-46EE-9604-CABF2F7775EE}.Static Debug|x64.Build.0 = Debug|x64
		{A872FF2E-FAE4-46EE-9604-CABF2F7775EE}.Static Release|Win32.ActiveCfg = Release|Win32
		{A872FF2E-FAE4-46EE-9604-CABF2F7775EE}.Static Release|Win32.Build.0 = Release|Win32
		{A872FF2E-FAE4-46EE-9604-CABF2F7775EE}.Static Release|x64.ActiveCfg = Release|x64
		{A872FF2E-FAE4-46EE-9604-CABF2F7775EE}.Static Release|x64.Build.0 = Release|x64
		{0F6B6FF0-D809-46F9-A732-35ACBA64651D}.Debug|Win32.ActiveCfg = Debug|Win32
		{0F6B6FF0-D809-46F9-A732-35ACBA64651D}.Debug|Win32.Build.0 = Debug|Win32
		{0F6B6FF0-D809-46F9-A732-35ACBA64651D}.Debug|x64.ActiveCfg = Debug|Win32
		{0F6B6FF0-D809-46F9-A732-35ACBA64651D}.DLL Debug|Win32.ActiveCfg = Debug|Win32
		{0F6B6FF0-D809-46F9-A732-35ACBA64651D}.DLL Debug|Win32.Build.0 = Debug|Win32
		{0F6B6FF0-D809-46F9-A732-35ACBA64651D}.DLL Debug|x64.ActiveCfg = Debug|Win32
		{0F6B6FF0-D809-46F9-A732-35ACBA64651D}.DLL Release|Win32.ActiveCfg = Release|Win32
		{0F6B6FF0-D809-46F9-A732-35ACBA64651D}.DLL Release|Win32.Build.0 = Release|Win32
		{0F6B6FF0-D809-46F9-A732-35ACBA64651D}.DLL Release|x64.ActiveCfg = Release|Win32
		{0F6B6FF0-D809-46F9-A732-35ACBA64651D}.Release|Win32.ActiveCfg = Release|Win32
		{0F6B6FF0-D809-46F9-A732-35ACBA64651D}.Release|Win32.Build.0 = Release|Win32
		{0F6B6FF0-D809-46F9-A732-35ACBA64651D}.Release|x64.ActiveCfg = Release|Win32
		{0F6B6FF0-D809-46F9-A732-35ACBA64651D}.Static Debug|Win32.ActiveCfg = Debug|Win32
		{0F6B6FF0-D809-46F9-A732-35ACBA64651D}.Static Debug|Win32.Build.0 = Debug|Win32
		{0F6B6FF0-D809-46F9-A732-35ACBA64651D}.Static Debug|x64.ActiveCfg = Debug|Win32
		{0F6B6FF0-D809-46F9-A732-35ACBA64651D}.Static Release|Win32.ActiveCfg = Release|Win32
		{0F6B6FF0-D809-46F9-A732-35ACBA64651D}.Static Release|Win32.Build.0 = Release|Win32
		{0F6B6FF0-D809-46F9-A732-35ACBA64651D}.Static Release|x64.ActiveCfg = Release|Win32
		{33FC41FB-E225-4DCF-A6AB-AAE01E4E5045}.Debug|Win32.ActiveCfg = Debug|Win32
		{33FC41FB-E225-4DCF-A6AB-AAE01E4E5045}.Debug|Win32.Build.0 = Debug|Win32
		{33FC41FB-E225-4DCF-A6AB-AAE01E4E5045}.Debug|x64.ActiveCfg = Debug|Win32
		{33FC41FB-E225-4DCF-A6AB-AAE01E4E5045}.DLL Debug|Win32.ActiveCfg = Debug|Win32
		{33FC41FB-E225-4DCF-A6AB-AAE01E4E5045}.DLL Debug|Win32.Build.0 = Debug|Win32
		{33FC41FB-E225-4DCF-A6AB-AAE01E4E5045}.DLL Debug|x64.ActiveCfg = Debug|Win32
		{33FC41FB-E225-4DCF-A6AB-AAE01E4E5045}.DLL Release|Win32.ActiveCfg = Release|Win32
		{33FC41FB-E225-4DCF-A6AB-AAE01E4E5045}.DLL Release|Win32.Build.0 = Release|Win32
		{33FC41FB-E225-4DCF-A6AB-AAE01E4E5045}.DLL Release|x64.ActiveCfg = Release|Win32
		{33FC41FB-E225-4DCF-A6AB-AAE01E4E5045}.Release|Win32.ActiveCfg = Release|Win32
		{33FC41FB-E225-4DCF-A6AB-AAE01E4E5045}.Release|Win32.Build.0 = Release|Win32
		{33FC41FB-E225-4DCF-A6AB-AAE01E4E5045}.Release|x64.ActiveCfg = Release|Win32
		{33FC41FB-E225-4DCF-A6AB-AAE01E4E5045}.Static Debug|Win32.ActiveCfg = Debug|Win32
		{33FC41FB-E225-4DCF-A6AB-AAE01E4E5045}.Static Debug|Win32.Build.0 = Debug|Win32
		{33FC41FB-E225-4DCF-A6AB-AAE01E4E5045}.Static Debug|x64.ActiveCfg = Debug|Win32
		{33FC41FB-E225-4DCF-A6AB-AAE01E4E5045}.Static Release|Win32.ActiveCfg = Release|Win32
		{33FC41FB-E225-4DCF-A6AB-AAE01E4E5045}.Static Release|Win32.Build.0 = Release|Win32
		{33FC41FB-E225-4DCF-A6AB-AAE01E4E5045}.Static Release|x64.ActiveCfg = Release|Win32
		{B19DA405-4796-48DC-A0CD-954FC53B9213}.Debug|Win32.ActiveCfg = Debug|Win32
		{B19DA405-4796-48DC-A0CD-954FC53B9213}.Debug|Win32.Build.0 = Debug|Win32
		{B19DA405-4796-48DC-A0CD-954FC53B9213}.Debug|x64.ActiveCfg = Debug|Win32
		{B19DA405-4796-48DC-A0CD-954FC53B9213}.DLL Debug|Win32.ActiveCfg = Debug|Win32
		{B19DA405-4796-48DC-A0CD-954FC53B9213}.DLL Debug|Win32.Build.0 = Debug|Win32
		{B19DA405-4796-48DC-A0CD-954FC53B9213}.DLL Debug|x64.ActiveCfg = Debug|Win32
		{B19DA405-4796-48DC-A0CD-954FC53B9213}.DLL Release|Win32.ActiveCfg = Release|Win32
		{B19DA405-4796-48DC-A0CD-954FC53B9213}.DLL Release|Win32.Build.0 = Release|Win32
		{B19DA405-4796-48DC-A0CD-954FC53B9213}.DLL Release|x64.ActiveCfg = Release|Win32
		{B19DA405-4796-48DC-A0CD-954FC53B9213}.Release|Win32.ActiveCfg = Release|Win32
		{B19DA405-4796-48DC-A0CD-954FC53B9213}.Release|Win32.Build.0 = Release|Win32
		{B19DA405-4796-48DC-A0CD-954FC53B9213}.Release|x64.ActiveCfg = Release|Win32
		{B19DA405-4796-48DC-A0CD-954FC53B9213}.Static Debug|Win32.ActiveCfg = Debug|Win32
		{B19DA405-4796-48DC-A0CD-954FC53B9213}.Static Debug|Win32.Build.0 = Debug|Win32
		{B19DA405-4796-48DC-A0CD-954FC53B9213}.Static Debug|x64.ActiveCfg = Debug|Win32
		{B19DA405-4796-48DC-A0CD-954FC53B9213}.Static Release|Win32.ActiveCfg = Release|Win32
		{B19DA405-4796-48DC-A0CD-954FC53B9213}.Static Release|Win32.Build.0 = Release|Win32
		{B19DA405-4796-48DC-A0CD-954FC53B9213}.Static Release|x64.ActiveCfg = Release|Win32
		{6679C6FA-0B84-4781-8D57-36E5CC14A7F4}.Debug|Win32.ActiveCfg = Debug|Win32
		{6679C6FA-0B84-4781-8D57-36E5CC14A7F4}.Debug|Win32.Build.0 = Debug|Win32
		{6679C6FA-0B84-4781-8D57-36E5CC14A7F4}.Debug|x64.ActiveCfg = Debug|Win32
		{6679C6FA-0B84-4781-8D57-36E5CC14A7F4}.DLL Debug|Win32.ActiveCfg = Debug|Win32
		{6679C6FA-0B84-4781-8D57-36E5CC14A7F4}.DLL Debug|Win32.Build.0 = Debug|Win32
		{6679C6FA-0B84-4781-8D57-36E5CC14A7F4}.DLL Debug|x64.ActiveCfg = Debug|Win32
		{6679C6FA-0B84-4781-8D57-36E5CC14A7F4}.DLL Release|Win32.ActiveCfg = Release|Win32
		{6679C6FA-0B84-4781-8D57-36E5CC14A7F4}.DLL Release|Win32.Build.0 = Release|Win32
		{6679C6FA-0B84-4781-8D57-36E5CC14A7F4}.DLL Release|x64.ActiveCfg = Release|Win32
		{6679C6FA-0B84-4781-8D57-36E5CC14A7F4}.Release|Win32.ActiveCfg = Release|Win32
		{6679C6FA-0B84-4781-8D57-36E5CC14A7F4}.Release|Win32.Build.0 = Release|Win32
		{6679C6FA-0B84-4781-8D57-36E5CC14A7F4}.Release|x64.ActiveCfg = Release|Win32
		{6679C6FA-0B84-4781-8D57-36E5CC14A7F4}.Static Debug|Win32.ActiveCfg = Debug|Win32
		{6679C6FA-0B84-4781-8D57-36E5CC14A7F4}.Static Debug|Win32.Build.0 = Debug|Win32
		{6679C6FA-0B84-4781-8D57-36E5CC14A7F4}.Static Debug|x64.ActiveCfg = Debug|Win32
		{6679C6FA-0B84-4781-8D57-36E5CC14A7F4}.Static Release|Win32.ActiveCfg = Release|Win32
		{6679C6FA-0B84-4781-8D57-36E5CC14A7F4}.Static Release|Win32.Build.0 = Release|Win32
		{6679C6FA-0B84-4781-8D57-36E5CC14A7F4}.Static Release|x64.ActiveCfg = Release|Win32
		{A765D027-72CB-4E3B-A2CA-75F3D1BA4A5D}.Debug|Win32.ActiveCfg = Debug|Win32
		{A765D027-72CB-4E3B-A2CA-75F3D1BA4A5D}.Debug|Win32.Build.0 = Debug|Win32
		{A765D027-72CB-4E3B-A2CA-75F3D1BA4A5D}.Debug|x64.ActiveCfg = Debug|Win32
		{A765D027-72CB-4E3B-A2CA-75F3D1BA4A5D}.DLL Debug|Win32.ActiveCfg = Debug|Win32
		{A765D027-72CB-4E3B-A2CA-75F3D1BA4A5D}.DLL Debug|Win32.Build.0 = Debug|Win32
		{A765D027-72CB-4E3B-A2CA-75F3D1BA4A5D}.DLL Debug|x64.ActiveCfg = Debug|Win32
		{A765D027-72CB-4E3B-A2CA-75F3D1BA4A5D}.DLL Release|Win32.ActiveCfg = Release|Win32
		{A765D027-72CB-4E3B-A2CA-75F3D1BA4A5D}.DLL Release|Win32.Build.0 = Release|Win32
		{A765D027-72CB-4E3B-A2CA-75F3D1BA4A5D}.DLL Release|x64.ActiveCfg = Release|Win32
		{A765D027-72CB-4E3B-A2CA-75F3D1BA4A5D}.Release|Win32.ActiveCfg = Release|Win32
		{A765D027-72CB-4E3B-A2CA-75F3D1BA4A5D}.Release|Win32.Build.0 = Release|Win32
		{A765D027-72CB-4E3B-A2CA-75F3D1BA4A5D}.Release|x64.ActiveCfg = Release|Win32
		{A765D027-72CB-4E3B-A2CA-75F3D1BA4A5D}.Static Debug|Win32.ActiveCfg = Debug|Win32
		{A765D027-72CB-4E3B-A2CA-75F3D1BA4A5D}.Static Debug|Win32.Build.0 = Debug|Win32
		{A765D027-72CB-4E3B-A2CA-75F3D1BA4A5D}.Static Debug|x64.ActiveCfg = Debug|Win32
		{A765D027-72CB-4E3B-A2CA-75F3D1BA4A5D}.Static Release|Win32.ActiveCfg = Release|Win32
		{A765D027-72CB-4E3B-A2CA-75F3D1BA4A5D}.Static Release|Win32.Build.0 = Release|Win32
		{A765D027-72CB-4E3B-A2CA-75F3D1BA4A5D}.Static Release|x64.ActiveCfg = Release|Win32
		{14475976-32DB-4CEC-8BFB-3CF037DB05E7}.Debug|Win32.ActiveCfg = Debug|Win32
		{14475976-32DB-4CEC-8BFB-3CF037DB05E7}.Debug|Win32.Build.0 = Debug|Win32
		{14475976-32DB-4CEC-8BFB-3CF037DB05E7}.Debug|x64.ActiveCfg = Debug|Win32
		{14475976-32DB-4CEC-8BFB-3CF037DB05E7}.DLL Debug|Win32.ActiveCfg = Debug|Win32
		{14475976-32DB-4CEC-8BFB-3CF037DB05E7}.DLL Debug|x64.ActiveCfg = Debug|Win32
		{14475976-32DB-4CEC-8BFB-3CF037DB05E7}.DLL Release|Win32.ActiveCfg = Release|Win32
		{14475976-32DB-4CEC-8BFB-3CF037DB05E7}.DLL Release|x64.ActiveCfg = Release|Win32
		{14475976-32DB-4CEC-8BFB-3CF037DB05E7}.Release|Win32.ActiveCfg = Release|Win32
		{14475976-32DB-4CEC-8BFB-3CF037DB05E7}.Release|Win32.Build.0 = Release|Win32
		{14475976-32DB-4CEC-8BFB-3CF037DB05E7}.Release|x64.ActiveCfg = Release|Win32
		{14475976-32DB-4CEC-8BFB-3CF037DB05E7}.Static Debug|Win32.ActiveCfg = Debug|Win32
		{14475976-32DB-4CEC-8BFB-3CF037DB05E7}.Static Debug|Win32.Build.0 = Debug|Win32
		{14475976-32DB-4CEC-8BFB-3CF037DB05E7}.Static Debug|x64.ActiveCfg = Debug|Win32
		{14475976-32DB-4CEC-8BFB-3CF037DB05E7}.Static Release|Win32.ActiveCfg = Release|Win32
		{14475976-32DB-4CEC-8BFB-3CF037DB05E7}.Static Release|Win32.Build.0 = Release|Win32
		{14475976-32DB-4CEC-8BFB-3CF037DB05E7}.Static Release|x64.ActiveCfg = Release|Win32
		{5EDF0983-AD51-401E-A889-5D89AD09AC5C}.Debug|Win32.ActiveCfg = Debug|Win32
		{5EDF0983-AD51-401E-A889-5D89AD09AC5C}.Debug|Win32.Build.0 = Debug|Win32
		{5EDF0983-AD51-401E-A889-5D89AD09AC5C}.Debug|x64.ActiveCfg = Debug|x64
		{5EDF0983-AD51-401E-A889-5D89AD09AC5C}.Debug|x64.Build.0 = Debug|x64
		{5EDF0983-AD51-401E-A889-5D89AD09AC5C}.DLL Debug|Win32.ActiveCfg = Debug|Win32
		{5EDF0983-AD51-401E-A889-5D89AD09AC5C}.DLL Debug|Win32.Build.0 = Debug|Win32
		{5EDF0983-AD51-401E-A889-5D89AD09AC5C}.DLL Debug|x64.ActiveCfg = Debug|x64
		{5EDF0983-AD51-401E-A889-5D89AD09AC5C}.DLL Debug|x64.Build.0 = Debug|x64
		{5EDF0983-AD51-401E-A889-5D89AD09AC5C}.DLL Release|Win32.ActiveCfg = Release|Win32
		{5EDF0983-AD51-401E-A889-5D89AD09AC5C}.DLL Release|Win32.Build.0 = Release|Win32
		{5EDF0983-AD51-401E-A889-5D89AD09AC5C}.DLL Release|x64.ActiveCfg = Release|x64
		{5EDF0983-AD51-401E-A889-5D89AD09AC5C}.DLL Release|x64.Build.0 = Release|x64
		{5EDF0983-AD51-401E-A889-5D89AD09AC5C}.Release|Win32.ActiveCfg = Release|Win32
		{5EDF0983-AD51-401E-A889-5D89AD09AC5C}.Release|Win32.Build.0 = Release|Win32
		{5EDF0983-AD51-401E-A889-5D89AD09AC5C}.Release|x64.ActiveCfg = Release|x64
		{5EDF0983-AD51-401E-A889-5D89AD09AC5C}.Release|x64.Build.0 = Release|x64
		{5EDF0983-AD51-401E-A889-5D89AD09AC5C}.Static Debug|Win32.ActiveCfg = Debug|Win32
		{5EDF0983-AD51-401E-A889-5D89AD09AC5C}.Static Debug|Win32.Build.0 = Debug|Win32
		{5EDF0983-AD51-401E-A889-5D89AD09AC5C}.Static Debug|x64.ActiveCfg = Debug|x64
		{5EDF0983-AD51-401E-A889-5D89AD09AC5C}.Static Debug|x64.Build.0 = Debug|x64
		{5EDF0983-AD51-401E-A889-5D89AD09AC5C}.Static Release|Win32.ActiveCfg = Release|Win32
		{5EDF0983-AD51-401E-A889-5D89AD09AC5C}.Static Release|Win32.Build.0 = Release|Win32
		{5EDF0983-AD51-401E-A889-5D89AD09AC5C}.Static Release|x64.ActiveCfg = Release|x64
		{5EDF0983-AD51-401E-A889-5D89AD09AC5C}.Static Release|x64.Build.0 = Release|x64
		{1ACD9CD8-7707-4058-AA51-64DCA3F0DB2F}.Debug|Win32.ActiveCfg = Debug|Win32
		{1ACD9CD8-7707-4058-AA51-64DCA3F0DB2F}.Debug|Win32.Build.0 = Debug|Win32
		{1ACD9CD8-7707-4058-AA51-64DCA3F0DB2F}.Debug|x64.ActiveCfg = Debug|x64
		{1ACD9CD8-7707-4058-AA51-64DCA3F0DB2F}.Debug|x64.Build.0 = Debug|x64
		{1ACD9CD8-7707-4058-AA51-64DCA3F0DB2F}.DLL Debug|Win32.ActiveCfg = Debug|Win32
		{1ACD9CD8-7707-4058-AA51-64DCA3F0DB2F}.DLL Debug|Win32.Build.0 = Debug|Win32
		{1ACD9CD8-7707-4058-AA51-64DCA3F0DB2F}.DLL Debug|x64.ActiveCfg = Debug|x64
		{1ACD9CD8-7707-4058-AA51-64DCA3F0DB2F}.DLL Debug|x64.Build.0 = Debug|x64
		{1ACD9CD8-7707-4058-AA51-64DCA3F0DB2F}.DLL Release|Win32.ActiveCfg = Release|Win32
		{1ACD9CD8-7707-4058-AA51-64DCA3F0DB2F}.DLL Release|Win32.Build.0 = Release|Win32
		{1ACD9CD8-7707-4058-AA51-64DCA3F0DB2F}.DLL Release|x64.ActiveCfg = Release|x64
		{1ACD9CD8-7707-4058-AA51-64DCA3F0DB2F}.DLL Release|x64.Build.0 = Release|x64
		{1ACD9CD8-7707-4058-AA51-64DCA3F0DB2F}.Release|Win32.ActiveCfg = Release|Win32
		{1ACD9CD8-7707-4058-AA51-64DCA3F0DB2F}.Release|Win32.Build.0 = Release|Win32
		{1ACD9CD8-7707-4058-AA51-64DCA3F0DB2F}.Release|x64.ActiveCfg = Release|x64
		{1ACD9CD8-7707-4058-AA51-64DCA3F0DB2F}.Release|x64.Build.0 = Release|x64
		{1ACD9CD8-7707-4058-AA51-64DCA3F0DB2F}.Static Debug|Win32.ActiveCfg = Debug|Win32
		{1ACD9CD8-7707-4058-AA51-64DCA3F0DB2F}.Static Debug|Win32.Build.0 = Debug|Win32
		{1ACD9CD8-7707-4058-AA51-64DCA3F0DB2F}.Static Debug|x64.ActiveCfg = Debug|x64
		{1ACD9CD8-7707-4058-AA51-64DCA3F0DB2F}.Static Debug|x64.Build.0 = Debug|x64
		{1ACD9CD8-7707-4058-AA51-64DCA3F0DB2F}.Static Release|Win32.ActiveCfg = Release|Win32
		{1ACD9CD8-7707-4058-AA51-64DCA3F0DB2F}.Static Release|Win32.Build.0 = Release|Win32
		{1ACD9CD8-7707-4058-AA51-64DCA3F0DB2F}.Static Release|x64.ActiveCfg = Release|x64
		{1ACD9CD8-7707-4058-AA51-64DCA3F0DB2F}.Static Release|x64.Build.0 = Release|x64
		{61241596-E65A-42C8-B9AE-89352BEB7E11}.Debug|Win32.ActiveCfg = Debug|Win32
		{61241596-E65A-42C8-B9AE-89352BEB7E11}.Debug|Win32.Build.0 = Debug|Win32
		{61241596-E65A-42C8-B9AE-89352BEB7E11}.Debug|x64.ActiveCfg = Debug|x64
		{61241596-E65A-42C8-B9AE-89352BEB7E11}.Debug|x64.Build.0 = Debug|x64
		{61241596-E65A-42C8-B9AE-89352BEB7E11}.DLL Debug|Win32.ActiveCfg = Debug|Win32
		{61241596-E65A-42C8-B9AE-89352BEB7E11}.DLL Debug|Win32.Build.0 = Debug|Win32
		{61241596-E65A-42C8-B9AE-89352BEB7E11}.DLL Debug|x64.ActiveCfg = Debug|x64
		{61241596-E65A-42C8-B9AE-89352BEB7E11}.DLL Debug|x64.Build.0 = Debug|x64
		{61241596-E65A-42C8-B9AE-89352BEB7E11}.DLL Release|Win32.ActiveCfg = Release|Win32
		{61241596-E65A-42C8-B9AE-89352BEB7E11}.DLL Release|Win32.Build.0 = Release|Win32
		{61241596-E65A-42C8-B9AE-89352BEB7E11}.DLL Release|x64.ActiveCfg = Release|x64
		{61241596-E65A-42C8-B9AE-89352BEB7E11}.DLL Release|x64.Build.0 = Release|x64
		{61241596-E65A-42C8-B9AE-89352BEB7E11}.Release|Win32.ActiveCfg = Release|Win32
		{61241596-E65A-42C8-B9AE-89352BEB7E11}.Release|Win32.Build.0 = Release|Win32
		{61241596-E65A-42C8-B9AE-89352BEB7E11}.Release|x64.ActiveCfg = Release|x64
		{61241596-E65A-42C8-B9AE-89352BEB7E11}.Release|x64.Build.0 = Release|x64
		{61241596-E65A-42C8-B9AE-89352BEB7E11}.Static Debug|Win32.ActiveCfg = Debug|Win32
		{61241596-E65A-42C8-B9AE-89352BEB7E11}.Static Debug|Win32.Build.0 = Debug|Win32
		{61241596-E65A-42C8-B9AE-89352BEB7E11}.Static Debug|x64.ActiveCfg = Debug|x64
		{61241596-E65A-42C8-B9AE-89352BEB7E11}.Static Debug|x64.Build.0 = Debug|x64
		{61241596-E65A-42C8-B9AE-89352BEB7E11}.Static Release|Win32.ActiveCfg = Release|Win32
		{61241596-E65A-42C8-B9AE-89352BEB7E11}.Static Release|Win32.Build.0 = Release|Win32
		{61241596-E65A-42C8-B9AE-89352BEB7E11}.Static Release|x64.ActiveCfg = Release|x64
		{61241596-E65A-42C8-B9AE-89352BEB7E11}.Static Release|x64.Build.0 = Release|x64
		{3EDA23B4-3801-45C4-BE2D-C8F07D4AF3A8}.Debug|Win32.ActiveCfg = Debug|Win32
		{3EDA23B4-3801-45C4-BE2D-C8F07D4AF3A8}.Debug|Win32.Build.0 = Debug|Win32
		{3EDA23B4-3801-45C4-BE2D-C8F07D4AF3A8}.Debug|x64.ActiveCfg = Debug|Win32
		{3EDA23B4-3801-45C4-BE2D-C8F07D4AF3A8}.DLL Debug|Win32.ActiveCfg = Debug|Win32
		{3EDA23B4-3801-45C4-BE2D-C8F07D4AF3A8}.DLL Debug|Win32.Build.0 = Debug|Win32
		{3EDA23B4-3801-45C4-BE2D-C8F07D4AF3A8}.DLL Debug|x64.ActiveCfg = Debug|Win32
		{3EDA23B4-3801-45C4-BE2D-C8F07D4AF3A8}.DLL Release|Win32.ActiveCfg = Release|Win32
		{3EDA23B4-3801-45C4-BE2D-C8F07D4AF3A8}.DLL Release|Win32.Build.0 = Release|Win32
		{3EDA23B4-3801-45C4-BE2D-C8F07D4AF3A8}.DLL Release|x64.ActiveCfg = Release|Win32
		{3EDA23B4-3801-45C4-BE2D-C8F07D4AF3A8}.Release|Win32.ActiveCfg = Release|Win32
		{3EDA23B4-3801-45C4-BE2D-C8F07D4AF3A8}.Release|Win32.Build.0 = Release|Win32
		{3EDA23B4-3801-45C4-BE2D-C8F07D4AF3A8}.Release|x64.ActiveCfg = Release|Win32
		{3EDA23B4-3801-45C4-BE2D-C8F07D4AF3A8}.Static Debug|Win32.ActiveCfg = Debug|Win32
		{3EDA23B4-3801-45C4-BE2D-C8F07D4AF3A8}.Static Debug|Win32.Build.0 = Debug|Win32
		{3EDA23B4-3801-45C4-BE2D-C8F07D4AF3A8}.Static Debug|x64.ActiveCfg = Debug|Win32
		{3EDA23B4-3801-45C4-BE2D-C8F07D4AF3A8}.Static Release|Win32.ActiveCfg = Release|Win32
		{3EDA23B4-3801-45C4-BE2D-C8F07D4AF3A8}.Static Release|Win32.Build.0 = Release|Win32
		{3EDA23B4-3801-45C4-BE2D-C8F07D4AF3A8}.Static Release|x64.ActiveCfg = Release|Win32
		{FEC3266E-14D6-4A5C-A796-10EB64E7AC11}.Debug|Win32.ActiveCfg = Debug|Win32
		{FEC3266E-14D6-4A5C-A796-10EB64E7AC11}.Debug|Win32.Build.0 = Debug|Win32
		{FEC3266E-14D6-4A5C-A796-10EB64E7AC11}.Debug|x64.ActiveCfg = Debug|x64
		{FEC3266E-14D6-4A5C-A796-10EB64E7AC11}.Debug|x64.Build.0 = Debug|x64
		{FEC3266E-14D6-4A5C-A796-10EB64E7AC11}.DLL Debug|Win32.ActiveCfg = Debug|Win32
		{FEC3266E-14D6-4A5C-A796-10EB64E7AC11}.DLL Debug|Win32.Build.0 = Debug|Win32
		{FEC3266E-14D6-4A5C-A796-10EB64E7AC11}.DLL Debug|x64.ActiveCfg = Debug|x64
		{FEC3266E-14D6-4A5C-A796-10EB64E7AC11}.DLL Debug|x64.Build.0 = Debug|x64
		{FEC3266E-14D6-4A5C-A796-10EB64E7AC11}.DLL Release|Win32.ActiveCfg = Release|Win32
		{FEC3266E-14D6-4A5C-A796-10EB64E7AC11}.DLL Release|Win32.Build.0 = Release|Win32
		{FEC3266E-14D6-4A5C-A796-10EB64E7AC11}.DLL Release|x64.ActiveCfg = Release|x64
		{FEC3266E-14D6-4A5C-A796-10EB64E7AC11}.DLL Release|x64.Build.0 = Release|x64
		{FEC3266E-14D6-4A5C-A796-10EB64E7AC11}.Release|Win32.ActiveCfg = Release|Win32
		{FEC3266E-14D6-4A5C-A796-10EB64E7AC11}.Release|Win32.Build.0 = Release|Win32
		{FEC3266E-14D6-4A5C-A796-10EB64E7AC11}.Release|x64.ActiveCfg = Release|x64
		{FEC3266E-14D6-4A5C-A796-10EB64E7AC11}.Release|x64.Build.0 = Release|x64
		{FEC3266E-14D6-4A5C-A796-10EB64E7AC11}.Static Debug|Win32.ActiveCfg = Debug|Win32
		{FEC3266E-14D6-4A5C-A796-10EB64E7AC11}.Static Debug|Win32.Build.0 = Debug|Win32
		{FEC3266E-14D6-4A5C-A796-10EB64E7AC11}.Static Debug|x64.ActiveCfg = Debug|x64
		{FEC3266E-14D6-4A5C-A796-10EB64E7AC11}.Static Debug|x64.Build.0 = Debug|x64
		{FEC3266E-14D6-4A5C-A796-10EB64E7AC11}.Static Release|Win32.ActiveCfg = Release|Win32
		{FEC3266E-14D6-4A5C-A796-10EB64E7AC11}.Static Release|Win32.Build.0 = Release|Win32
		{FEC3266E-14D6-4A5C-A796-10EB64E7AC11}.Static Release|x64.ActiveCfg = Release|x64
		{FEC3266E-14D6-4A5C-A796-10EB64E7AC11}.Static Release|x64.Build.0 = Release|x64
	EndGlobalSection
	GlobalSection(SolutionProperties) = preSolution
		HideSolutionNode = FALSE
	EndGlobalSection
	GlobalSection(NestedProjects) = preSolution
		{A872FF2E-FAE4-46EE-9604-CABF2F7775EE} = {E829948F-2A0F-43AF-8138-2DD98CD2D46C}
		{0F6B6FF0-D809-46F9-A732-35ACBA64651D} = {E829948F-2A0F-43AF-8138-2DD98CD2D46C}
		{33FC41FB-E225-4DCF-A6AB-AAE01E4E5045} = {E829948F-2A0F-43AF-8138-2DD98CD2D46C}
		{B19DA405-4796-48DC-A0CD-954FC53B9213} = {E829948F-2A0F-43AF-8138-2DD98CD2D46C}
		{6679C6FA-0B84-4781-8D57-36E5CC14A7F4} = {E829948F-2A0F-43AF-8138-2DD98CD2D46C}
		{A765D027-72CB-4E3B-A2CA-75F3D1BA4A5D} = {E829948F-2A0F-43AF-8138-2DD98CD2D46C}
		{14475976-32DB-4CEC-8BFB-3CF037DB05E7} = {E829948F-2A0F-43AF-8138-2DD98CD2D46C}
		{5EDF0983-AD51-401E-A889-5D89AD09AC5C} = {E829948F-2A0F-43AF-8138-2DD98CD2D46C}
		{1ACD9CD8-7707-4058-AA51-64DCA3F0DB2F} = {E829948F-2A0F-43AF-8138-2DD98CD2D46C}
		{61241596-E65A-42C8-B9AE-89352BEB7E11} = {E829948F-2A0F-43AF-8138-2DD98CD2D46C}
		{8940AAB9-3C3A-4B8A-8F78-D45E0DA030F0} = {E829948F-2A0F-43AF-8138-2DD98CD2D46C}
		{3EDA23B4-3801-45C4-BE2D-C8F07D4AF3A8} = {E829948F-2A0F-43AF-8138-2DD98CD2D46C}
		{FEC3266E-14D6-4A5C-A796-10EB64E7AC11} = {E829948F-2A0F-43AF-8138-2DD98CD2D46C}
	EndGlobalSection
EndGlobal
