Microsoft Visual Studio Solution File, Format Version 7.00
Project("{8BC9CEB8-8B4A-11D0-8D11-00A0C91BC942}") = "SDL_Config", "SDL_Config.vcproj", "{A9D2E352-F27F-48EC-AF29-6B8D6C2B37F6}"
EndProject
Global
	GlobalSection(SolutionConfiguration) = preSolution
		ConfigName.0 = Debug
		ConfigName.1 = Release
	EndGlobalSection
	GlobalSection(ProjectDependencies) = postSolution
	EndGlobalSection
	GlobalSection(ProjectConfiguration) = postSolution
		{A9D2E352-F27F-48EC-AF29-6B8D6C2B37F6}.Debug.ActiveCfg = Debug|Win32
		{A9D2E352-F27F-48EC-AF29-6B8D6C2B37F6}.Debug.Build.0 = Debug|Win32
		{A9D2E352-F27F-48EC-AF29-6B8D6C2B37F6}.Release.ActiveCfg = Release|Win32
		{A9D2E352-F27F-48EC-AF29-6B8D6C2B37F6}.Release.Build.0 = Release|Win32
	EndGlobalSection
	GlobalSection(ExtensibilityGlobals) = postSolution
	EndGlobalSection
	GlobalSection(ExtensibilityAddIns) = postSolution
	EndGlobalSection
EndGlobal
