Microsoft Visual Studio Solution File, Format Version 9.00
# Visual Studio 2005
Project("{8BC9CEB8-8B4A-11D0-8D11-00A0C91BC942}") = "008", "008.vcproj", "{A765D027-72CB-4E3B-A2CA-75F3D1BA4A5D}"
EndProject
Global
	GlobalSection(SolutionConfigurationPlatforms) = preSolution
		Debug|Win32 = Debug|Win32
		Release|Win32 = Release|Win32
	EndGlobalSection
	GlobalSection(ProjectConfigurationPlatforms) = postSolution
		{A765D027-72CB-4E3B-A2CA-75F3D1BA4A5D}.Debug|Win32.ActiveCfg = Debug|Win32
		{A765D027-72CB-4E3B-A2CA-75F3D1BA4A5D}.Debug|Win32.Build.0 = Debug|Win32
		{A765D027-72CB-4E3B-A2CA-75F3D1BA4A5D}.Release|Win32.ActiveCfg = Release|Win32
		{A765D027-72CB-4E3B-A2CA-75F3D1BA4A5D}.Release|Win32.Build.0 = Release|Win32
	EndGlobalSection
	GlobalSection(SolutionProperties) = preSolution
		HideSolutionNode = FALSE
	EndGlobalSection
EndGlobal
